// !$*UTF8*$!
{
	archiveVersion = 1;
	classes = {
	};
	objectVersion = 77;
	objects = {

/* Begin PBXBuildFile section */
		2B3A87EE2FCC9E910013AA2E /* WidgetKit.framework in Frameworks */ = {isa = PBXBuildFile; fileRef = 2B3A87ED2FCC9E910013AA2E /* WidgetKit.framework */; };
		2B3A87F02FCC9E910013AA2E /* SwiftUI.framework in Frameworks */ = {isa = PBXBuildFile; fileRef = 2B3A87EF2FCC9E910013AA2E /* SwiftUI.framework */; };
		2B3A87FD2FCC9E910013AA2E /* CoolDownWidgetExtension.appex in Embed Foundation Extensions */ = {isa = PBXBuildFile; fileRef = 2B3A87EB2FCC9E910013AA2E /* CoolDownWidgetExtension.appex */; settings = {ATTRIBUTES = (RemoveHeadersOnCopy, ); }; };
		CD0000012F00000000000001 /* CoolDoneSharedConfiguration.swift in Sources */ = {isa = PBXBuildFile; fileRef = CD0000022F00000000000002 /* CoolDoneSharedConfiguration.swift */; };
		CD0000032F00000000000003 /* Cooldown.swift in Sources */ = {isa = PBXBuildFile; fileRef = CD0000042F00000000000004 /* Cooldown.swift */; };
		CD0000052F00000000000005 /* CooldownDuration.swift in Sources */ = {isa = PBXBuildFile; fileRef = CD0000062F00000000000006 /* CooldownDuration.swift */; };
		CD0000072F00000000000007 /* Cooleur.swift in Sources */ = {isa = PBXBuildFile; fileRef = CD0000082F00000000000008 /* Cooleur.swift */; };
		CD0000092F00000000000009 /* Color+Hex.swift in Sources */ = {isa = PBXBuildFile; fileRef = CD0000102F00000000000010 /* Color+Hex.swift */; };
		CD0000112F00000000000011 /* CooldownProgressThresholds.swift in Sources */ = {isa = PBXBuildFile; fileRef = CD0000122F00000000000012 /* CooldownProgressThresholds.swift */; };
		CD0000132F00000000000013 /* ProgressCalculator.swift in Sources */ = {isa = PBXBuildFile; fileRef = CD0000142F00000000000014 /* ProgressCalculator.swift */; };
		CD0000152F00000000000015 /* CooldownStorage.swift in Sources */ = {isa = PBXBuildFile; fileRef = CD0000162F00000000000016 /* CooldownStorage.swift */; };
		CD0000172F00000000000017 /* CooldownMutation.swift in Sources */ = {isa = PBXBuildFile; fileRef = CD0000182F00000000000018 /* CooldownMutation.swift */; };
		CD0000192F00000000000019 /* CooldownNotificationScheduler.swift in Sources */ = {isa = PBXBuildFile; fileRef = CD0000202F00000000000020 /* CooldownNotificationScheduler.swift */; };
/* End PBXBuildFile section */

/* Begin PBXContainerItemProxy section */
		2B3A87FB2FCC9E910013AA2E /* PBXContainerItemProxy */ = {
			isa = PBXContainerItemProxy;
			containerPortal = 2B3A87D12FCC9E730013AA2E /* Project object */;
			proxyType = 1;
			remoteGlobalIDString = 2B3A87EA2FCC9E910013AA2E;
			remoteInfo = CoolDownWidgetExtension;
		};
/* End PBXContainerItemProxy section */

/* Begin PBXCopyFilesBuildPhase section */
		2B3A88022FCC9E910013AA2E /* Embed Foundation Extensions */ = {
			isa = PBXCopyFilesBuildPhase;
			buildActionMask = 2147483647;
			dstPath = "";
			dstSubfolderSpec = 13;
			files = (
				2B3A87FD2FCC9E910013AA2E /* CoolDownWidgetExtension.appex in Embed Foundation Extensions */,
			);
			name = "Embed Foundation Extensions";
			runOnlyForDeploymentPostprocessing = 0;
		};
/* End PBXCopyFilesBuildPhase section */

/* Begin PBXFileReference section */
		2B3A87D92FCC9E730013AA2E /* CoolDone.app */ = {isa = PBXFileReference; explicitFileType = wrapper.application; includeInIndex = 0; path = CoolDone.app; sourceTree = BUILT_PRODUCTS_DIR; };
		2B3A87EB2FCC9E910013AA2E /* CoolDownWidgetExtension.appex */ = {isa = PBXFileReference; explicitFileType = "wrapper.app-extension"; includeInIndex = 0; path = CoolDownWidgetExtension.appex; sourceTree = BUILT_PRODUCTS_DIR; };
		2B3A87ED2FCC9E910013AA2E /* WidgetKit.framework */ = {isa = PBXFileReference; lastKnownFileType = wrapper.framework; name = WidgetKit.framework; path = System/Library/Frameworks/WidgetKit.framework; sourceTree = SDKROOT; };
		2B3A87EF2FCC9E910013AA2E /* SwiftUI.framework */ = {isa = PBXFileReference; lastKnownFileType = wrapper.framework; name = SwiftUI.framework; path = System/Library/Frameworks/SwiftUI.framework; sourceTree = SDKROOT; };
		CD0000022F00000000000002 /* CoolDoneSharedConfiguration.swift */ = {isa = PBXFileReference; lastKnownFileType = sourcecode.swift; path = CoolDone/Shared/CoolDoneSharedConfiguration.swift; sourceTree = "<group>"; };
		CD0000042F00000000000004 /* Cooldown.swift */ = {isa = PBXFileReference; lastKnownFileType = sourcecode.swift; path = CoolDone/Models/Cooldown.swift; sourceTree = "<group>"; };
		CD0000062F00000000000006 /* CooldownDuration.swift */ = {isa = PBXFileReference; lastKnownFileType = sourcecode.swift; path = CoolDone/Models/CooldownDuration.swift; sourceTree = "<group>"; };
		CD0000082F00000000000008 /* Cooleur.swift */ = {isa = PBXFileReference; lastKnownFileType = sourcecode.swift; path = CoolDone/Models/Cooleur.swift; sourceTree = "<group>"; };
		CD0000102F00000000000010 /* Color+Hex.swift */ = {isa = PBXFileReference; lastKnownFileType = sourcecode.swift; path = "CoolDone/Shared/Color+Hex.swift"; sourceTree = "<group>"; };
		CD0000122F00000000000012 /* CooldownProgressThresholds.swift */ = {isa = PBXFileReference; lastKnownFileType = sourcecode.swift; path = CoolDone/Shared/CooldownProgressThresholds.swift; sourceTree = "<group>"; };
		CD0000142F00000000000014 /* ProgressCalculator.swift */ = {isa = PBXFileReference; lastKnownFileType = sourcecode.swift; path = CoolDone/Shared/ProgressCalculator.swift; sourceTree = "<group>"; };
		CD0000162F00000000000016 /* CooldownStorage.swift */ = {isa = PBXFileReference; lastKnownFileType = sourcecode.swift; path = CoolDone/Storage/CooldownStorage.swift; sourceTree = "<group>"; };
		CD0000182F00000000000018 /* CooldownMutation.swift */ = {isa = PBXFileReference; lastKnownFileType = sourcecode.swift; path = CoolDone/Shared/CooldownMutation.swift; sourceTree = "<group>"; };
		CD0000202F00000000000020 /* CooldownNotificationScheduler.swift */ = {isa = PBXFileReference; lastKnownFileType = sourcecode.swift; path = CoolDone/Notifications/CooldownNotificationScheduler.swift; sourceTree = "<group>"; };
/* End PBXFileReference section */

/* Begin PBXFileSystemSynchronizedBuildFileExceptionSet section */
		2B3A87FE2FCC9E910013AA2E /* Exceptions for "CoolDownWidget" folder in "CoolDownWidgetExtension" target */ = {
			isa = PBXFileSystemSynchronizedBuildFileExceptionSet;
			membershipExceptions = (
				Info.plist,
			);
			target = 2B3A87EA2FCC9E910013AA2E /* CoolDownWidgetExtension */;
		};
/* End PBXFileSystemSynchronizedBuildFileExceptionSet section */

/* Begin PBXFileSystemSynchronizedRootGroup section */
		2B3A87DB2FCC9E730013AA2E /* CoolDone */ = {
			isa = PBXFileSystemSynchronizedRootGroup;
			path = CoolDone;
			sourceTree = "<group>";
		};
		2B3A87F12FCC9E910013AA2E /* CoolDownWidget */ = {
			isa = PBXFileSystemSynchronizedRootGroup;
			exceptions = (
				2B3A87FE2FCC9E910013AA2E /* Exceptions for "CoolDownWidget" folder in "CoolDownWidgetExtension" target */,
			);
			path = CoolDownWidget;
			sourceTree = "<group>";
		};
/* End PBXFileSystemSynchronizedRootGroup section */

/* Begin PBXFrameworksBuildPhase section */
		2B3A87D62FCC9E730013AA2E /* Frameworks */ = {
			isa = PBXFrameworksBuildPhase;
			buildActionMask = 2147483647;
			files = (
			);
			runOnlyForDeploymentPostprocessing = 0;
		};
		2B3A87E82FCC9E910013AA2E /* Frameworks */ = {
			isa = PBXFrameworksBuildPhase;
			buildActionMask = 2147483647;
			files = (
				2B3A87F02FCC9E910013AA2E /* SwiftUI.framework in Frameworks */,
				2B3A87EE2FCC9E910013AA2E /* WidgetKit.framework in Frameworks */,
			);
			runOnlyForDeploymentPostprocessing = 0;
		};
/* End PBXFrameworksBuildPhase section */

/* Begin PBXGroup section */
		2B3A87D02FCC9E730013AA2E = {
			isa = PBXGroup;
			children = (
				2B3A87DB2FCC9E730013AA2E /* CoolDone */,
				2B3A87F12FCC9E910013AA2E /* CoolDownWidget */,
				CD0000022F00000000000002 /* CoolDoneSharedConfiguration.swift */,
				CD0000042F00000000000004 /* Cooldown.swift */,
				CD0000062F00000000000006 /* CooldownDuration.swift */,
				CD0000082F00000000000008 /* Cooleur.swift */,
				CD0000102F00000000000010 /* Color+Hex.swift */,
				CD0000122F00000000000012 /* CooldownProgressThresholds.swift */,
				CD0000142F00000000000014 /* ProgressCalculator.swift */,
				CD0000162F00000000000016 /* CooldownStorage.swift */,
				CD0000182F00000000000018 /* CooldownMutation.swift */,
				CD0000202F00000000000020 /* CooldownNotificationScheduler.swift */,
				2B3A87EC2FCC9E910013AA2E /* Frameworks */,
				2B3A87DA2FCC9E730013AA2E /* Products */,
			);
			sourceTree = "<group>";
		};
		2B3A87DA2FCC9E730013AA2E /* Products */ = {
			isa = PBXGroup;
			children = (
				2B3A87D92FCC9E730013AA2E /* CoolDone.app */,
				2B3A87EB2FCC9E910013AA2E /* CoolDownWidgetExtension.appex */,
			);
			name = Products;
			sourceTree = "<group>";
		};
		2B3A87EC2FCC9E910013AA2E /* Frameworks */ = {
			isa = PBXGroup;
			children = (
				2B3A87ED2FCC9E910013AA2E /* WidgetKit.framework */,
				2B3A87EF2FCC9E910013AA2E /* SwiftUI.framework */,
			);
			name = Frameworks;
			sourceTree = "<group>";
		};
/* End PBXGroup section */

/* Begin PBXNativeTarget section */
		2B3A87D82FCC9E730013AA2E /* CoolDone */ = {
			isa = PBXNativeTarget;
			buildConfigurationList = 2B3A87E42FCC9E730013AA2E /* Build configuration list for PBXNativeTarget "CoolDone" */;
			buildPhases = (
				2B3A87D52FCC9E730013AA2E /* Sources */,
				2B3A87D62FCC9E730013AA2E /* Frameworks */,
				2B3A87D72FCC9E730013AA2E /* Resources */,
				2B3A88022FCC9E910013AA2E /* Embed Foundation Extensions */,
			);
			buildRules = (
			);
			dependencies = (
				2B3A87FC2FCC9E910013AA2E /* PBXTargetDependency */,
			);
			fileSystemSynchronizedGroups = (
				2B3A87DB2FCC9E730013AA2E /* CoolDone */,
			);
			name = CoolDone;
			packageProductDependencies = (
			);
			productName = CoolDone;
			productReference = 2B3A87D92FCC9E730013AA2E /* CoolDone.app */;
			productType = "com.apple.product-type.application";
		};
		2B3A87EA2FCC9E910013AA2E /* CoolDownWidgetExtension */ = {
			isa = PBXNativeTarget;
			buildConfigurationList = 2B3A87FF2FCC9E910013AA2E /* Build configuration list for PBXNativeTarget "CoolDownWidgetExtension" */;
			buildPhases = (
				2B3A87E72FCC9E910013AA2E /* Sources */,
				2B3A87E82FCC9E910013AA2E /* Frameworks */,
				2B3A87E92FCC9E910013AA2E /* Resources */,
			);
			buildRules = (
			);
			dependencies = (
			);
			fileSystemSynchronizedGroups = (
				2B3A87F12FCC9E910013AA2E /* CoolDownWidget */,
			);
			name = CoolDownWidgetExtension;
			packageProductDependencies = (
			);
			productName = CoolDownWidgetExtension;
			productReference = 2B3A87EB2FCC9E910013AA2E /* CoolDownWidgetExtension.appex */;
			productType = "com.apple.product-type.app-extension";
		};
/* End PBXNativeTarget section */

/* Begin PBXProject section */
		2B3A87D12FCC9E730013AA2E /* Project object */ = {
			isa = PBXProject;
			attributes = {
				BuildIndependentTargetsInParallel = 1;
				LastSwiftUpdateCheck = 2650;
				LastUpgradeCheck = 2650;
				TargetAttributes = {
					2B3A87D82FCC9E730013AA2E = {
						CreatedOnToolsVersion = 26.5;
						SystemCapabilities = {
							com.apple.ApplicationGroups.iOS = {
								enabled = 1;
							};
						};
					};
					2B3A87EA2FCC9E910013AA2E = {
						CreatedOnToolsVersion = 26.5;
						SystemCapabilities = {
							com.apple.ApplicationGroups.iOS = {
								enabled = 1;
							};
						};
					};
				};
			};
			buildConfigurationList = 2B3A87D42FCC9E730013AA2E /* Build configuration list for PBXProject "CoolDone" */;
			developmentRegion = en;
			hasScannedForEncodings = 0;
			knownRegions = (
				en,
				Base,
			);
			mainGroup = 2B3A87D02FCC9E730013AA2E;
			minimizedProjectReferenceProxies = 1;
			preferredProjectObjectVersion = 77;
			productRefGroup = 2B3A87DA2FCC9E730013AA2E /* Products */;
			projectDirPath = "";
			projectRoot = "";
			targets = (
				2B3A87D82FCC9E730013AA2E /* CoolDone */,
				2B3A87EA2FCC9E910013AA2E /* CoolDownWidgetExtension */,
			);
		};
/* End PBXProject section */

/* Begin PBXResourcesBuildPhase section */
		2B3A87D72FCC9E730013AA2E /* Resources */ = {
			isa = PBXResourcesBuildPhase;
			buildActionMask = 2147483647;
			files = (
			);
			runOnlyForDeploymentPostprocessing = 0;
		};
		2B3A87E92FCC9E910013AA2E /* Resources */ = {
			isa = PBXResourcesBuildPhase;
			buildActionMask = 2147483647;
			files = (
			);
			runOnlyForDeploymentPostprocessing = 0;
		};
/* End PBXResourcesBuildPhase section */

/* Begin PBXSourcesBuildPhase section */
		2B3A87D52FCC9E730013AA2E /* Sources */ = {
			isa = PBXSourcesBuildPhase;
			buildActionMask = 2147483647;
			files = (
			);
			runOnlyForDeploymentPostprocessing = 0;
		};
		2B3A87E72FCC9E910013AA2E /* Sources */ = {
			isa = PBXSourcesBuildPhase;
			buildActionMask = 2147483647;
			files = (
				CD0000012F00000000000001 /* CoolDoneSharedConfiguration.swift in Sources */,
				CD0000032F00000000000003 /* Cooldown.swift in Sources */,
				CD0000052F00000000000005 /* CooldownDuration.swift in Sources */,
				CD0000072F00000000000007 /* Cooleur.swift in Sources */,
				CD0000092F00000000000009 /* Color+Hex.swift in Sources */,
				CD0000112F00000000000011 /* CooldownProgressThresholds.swift in Sources */,
				CD0000132F00000000000013 /* ProgressCalculator.swift in Sources */,
				CD0000152F00000000000015 /* CooldownStorage.swift in Sources */,
				CD0000172F00000000000017 /* CooldownMutation.swift in Sources */,
				CD0000192F00000000000019 /* CooldownNotificationScheduler.swift in Sources */,
			);
			runOnlyForDeploymentPostprocessing = 0;
		};
/* End PBXSourcesBuildPhase section */

/* Begin PBXTargetDependency section */
		2B3A87FC2FCC9E910013AA2E /* PBXTargetDependency */ = {
			isa = PBXTargetDependency;
			target = 2B3A87EA2FCC9E910013AA2E /* CoolDownWidgetExtension */;
			targetProxy = 2B3A87FB2FCC9E910013AA2E /* PBXContainerItemProxy */;
		};
/* End PBXTargetDependency section */

/* Begin XCBuildConfiguration section */
		2B3A87E22FCC9E730013AA2E /* Debug */ = {
			isa = XCBuildConfiguration;
			buildSettings = {
				ALWAYS_SEARCH_USER_PATHS = NO;
				ASSETCATALOG_COMPILER_GENERATE_SWIFT_ASSET_SYMBOL_EXTENSIONS = YES;
				CLANG_ANALYZER_NONNULL = YES;
				CLANG_ANALYZER_NUMBER_OBJECT_CONVERSION = YES_AGGRESSIVE;
				CLANG_CXX_LANGUAGE_STANDARD = "gnu++20";
				CLANG_ENABLE_MODULES = YES;
				CLANG_ENABLE_OBJC_ARC = YES;
				CLANG_ENABLE_OBJC_WEAK = YES;
				CLANG_WARN_BLOCK_CAPTURE_AUTORELEASING = YES;
				CLANG_WARN_BOOL_CONVERSION = YES;
				CLANG_WARN_COMMA = YES;
				CLANG_WARN_CONSTANT_CONVERSION = YES;
				CLANG_WARN_DEPRECATED_OBJC_IMPLEMENTATIONS = YES;
				CLANG_WARN_DIRECT_OBJC_ISA_USAGE = YES_ERROR;
				CLANG_WARN_DOCUMENTATION_COMMENTS = YES;
				CLANG_WARN_EMPTY_BODY = YES;
				CLANG_WARN_ENUM_CONVERSION = YES;
				CLANG_WARN_INFINITE_RECURSION = YES;
				CLANG_WARN_INT_CONVERSION = YES;
				CLANG_WARN_NON_LITERAL_NULL_CONVERSION = YES;
				CLANG_WARN_OBJC_IMPLICIT_RETAIN_SELF = YES;
				CLANG_WARN_OBJC_LITERAL_CONVERSION = YES;
				CLANG_WARN_OBJC_ROOT_CLASS = YES_ERROR;
				CLANG_WARN_QUOTED_INCLUDE_IN_FRAMEWORK_HEADER = YES;
				CLANG_WARN_RANGE_LOOP_ANALYSIS = YES;
				CLANG_WARN_STRICT_PROTOTYPES = YES;
				CLANG_WARN_SUSPICIOUS_MOVE = YES;
				CLANG_WARN_UNGUARDED_AVAILABILITY = YES_AGGRESSIVE;
				CLANG_WARN_UNREACHABLE_CODE = YES;
				CLANG_WARN__DUPLICATE_METHOD_MATCH = YES;
				COPY_PHASE_STRIP = NO;
				DEBUG_INFORMATION_FORMAT = dwarf;
				DEVELOPMENT_TEAM = CC9SW439L6;
				ENABLE_STRICT_OBJC_MSGSEND = YES;
				ENABLE_TESTABILITY = YES;
				ENABLE_USER_SCRIPT_SANDBOXING = YES;
				GCC_C_LANGUAGE_STANDARD = gnu17;
				GCC_DYNAMIC_NO_PIC = NO;
				GCC_NO_COMMON_BLOCKS = YES;
				GCC_OPTIMIZATION_LEVEL = 0;
				GCC_PREPROCESSOR_DEFINITIONS = (
					"DEBUG=1",
					"$(inherited)",
				);
				GCC_WARN_64_TO_32_BIT_CONVERSION = YES;
				GCC_WARN_ABOUT_RETURN_TYPE = YES_ERROR;
				GCC_WARN_UNDECLARED_SELECTOR = YES;
				GCC_WARN_UNINITIALIZED_AUTOS = YES_AGGRESSIVE;
				GCC_WARN_UNUSED_FUNCTION = YES;
				GCC_WARN_UNUSED_VARIABLE = YES;
				IPHONEOS_DEPLOYMENT_TARGET = 26.5;
				LOCALIZATION_PREFERS_STRING_CATALOGS = YES;
				MTL_ENABLE_DEBUG_INFO = INCLUDE_SOURCE;
				MTL_FAST_MATH = YES;
				ONLY_ACTIVE_ARCH = YES;
				SDKROOT = iphoneos;
				SWIFT_ACTIVE_COMPILATION_CONDITIONS = "DEBUG $(inherited)";
				SWIFT_OPTIMIZATION_LEVEL = "-Onone";
			};
			name = Debug;
		};
		2B3A87E32FCC9E730013AA2E /* Release */ = {
			isa = XCBuildConfiguration;
			buildSettings = {
				ALWAYS_SEARCH_USER_PATHS = NO;
				ASSETCATALOG_COMPILER_GENERATE_SWIFT_ASSET_SYMBOL_EXTENSIONS = YES;
				CLANG_ANALYZER_NONNULL = YES;
				CLANG_ANALYZER_NUMBER_OBJECT_CONVERSION = YES_AGGRESSIVE;
				CLANG_CXX_LANGUAGE_STANDARD = "gnu++20";
				CLANG_ENABLE_MODULES = YES;
				CLANG_ENABLE_OBJC_ARC = YES;
				CLANG_ENABLE_OBJC_WEAK = YES;
				CLANG_WARN_BLOCK_CAPTURE_AUTORELEASING = YES;
				CLANG_WARN_BOOL_CONVERSION = YES;
				CLANG_WARN_COMMA = YES;
				CLANG_WARN_CONSTANT_CONVERSION = YES;
				CLANG_WARN_DEPRECATED_OBJC_IMPLEMENTATIONS = YES;
				CLANG_WARN_DIRECT_OBJC_ISA_USAGE = YES_ERROR;
				CLANG_WARN_DOCUMENTATION_COMMENTS = YES;
				CLANG_WARN_EMPTY_BODY = YES;
				CLANG_WARN_ENUM_CONVERSION = YES;
				CLANG_WARN_INFINITE_RECURSION = YES;
				CLANG_WARN_INT_CONVERSION = YES;
				CLANG_WARN_NON_LITERAL_NULL_CONVERSION = YES;
				CLANG_WARN_OBJC_IMPLICIT_RETAIN_SELF = YES;
				CLANG_WARN_OBJC_LITERAL_CONVERSION = YES;
				CLANG_WARN_OBJC_ROOT_CLASS = YES_ERROR;
				CLANG_WARN_QUOTED_INCLUDE_IN_FRAMEWORK_HEADER = YES;
				CLANG_WARN_RANGE_LOOP_ANALYSIS = YES;
				CLANG_WARN_STRICT_PROTOTYPES = YES;
				CLANG_WARN_SUSPICIOUS_MOVE = YES;
				CLANG_WARN_UNGUARDED_AVAILABILITY = YES_AGGRESSIVE;
				CLANG_WARN_UNREACHABLE_CODE = YES;
				CLANG_WARN__DUPLICATE_METHOD_MATCH = YES;
				COPY_PHASE_STRIP = NO;
				DEBUG_INFORMATION_FORMAT = "dwarf-with-dsym";
				DEVELOPMENT_TEAM = CC9SW439L6;
				ENABLE_NS_ASSERTIONS = NO;
				ENABLE_STRICT_OBJC_MSGSEND = YES;
				ENABLE_USER_SCRIPT_SANDBOXING = YES;
				GCC_C_LANGUAGE_STANDARD = gnu17;
				GCC_NO_COMMON_BLOCKS = YES;
				GCC_WARN_64_TO_32_BIT_CONVERSION = YES;
				GCC_WARN_ABOUT_RETURN_TYPE = YES_ERROR;
				GCC_WARN_UNDECLARED_SELECTOR = YES;
				GCC_WARN_UNINITIALIZED_AUTOS = YES_AGGRESSIVE;
				GCC_WARN_UNUSED_FUNCTION = YES;
				GCC_WARN_UNUSED_VARIABLE = YES;
				IPHONEOS_DEPLOYMENT_TARGET = 26.5;
				LOCALIZATION_PREFERS_STRING_CATALOGS = YES;
				MTL_ENABLE_DEBUG_INFO = NO;
				MTL_FAST_MATH = YES;
				SDKROOT = iphoneos;
				SWIFT_COMPILATION_MODE = wholemodule;
				VALIDATE_PRODUCT = YES;
			};
			name = Release;
		};
		2B3A87E52FCC9E730013AA2E /* Debug */ = {
			isa = XCBuildConfiguration;
			buildSettings = {
				ASSETCATALOG_COMPILER_APPICON_NAME = AppIcon;
				ASSETCATALOG_COMPILER_GLOBAL_ACCENT_COLOR_NAME = AccentColor;
				CODE_SIGN_STYLE = Automatic;
				CODE_SIGN_ENTITLEMENTS = CoolDone/CoolDone.entitlements;
				CURRENT_PROJECT_VERSION = 1;
				DEVELOPMENT_TEAM = CC9SW439L6;
				ENABLE_PREVIEWS = YES;
				GENERATE_INFOPLIST_FILE = YES;
				INFOPLIST_KEY_UIApplicationSceneManifest_Generation = YES;
				INFOPLIST_KEY_UIApplicationSupportsIndirectInputEvents = YES;
				INFOPLIST_KEY_UILaunchScreen_Generation = YES;
				INFOPLIST_KEY_UISupportedInterfaceOrientations_iPhone = "UIInterfaceOrientationPortrait UIInterfaceOrientationLandscapeLeft UIInterfaceOrientationLandscapeRight";
				LD_RUNPATH_SEARCH_PATHS = (
					"$(inherited)",
					"@executable_path/Frameworks",
				);
				MARKETING_VERSION = 1.0;
				PRODUCT_BUNDLE_IDENTIFIER = com.francoissioarnaud.CoolDone;
				PRODUCT_NAME = "$(TARGET_NAME)";
				STRING_CATALOG_GENERATE_SYMBOLS = YES;
				SWIFT_APPROACHABLE_CONCURRENCY = YES;
				SWIFT_DEFAULT_ACTOR_ISOLATION = MainActor;
				SWIFT_EMIT_LOC_STRINGS = YES;
				SWIFT_UPCOMING_FEATURE_MEMBER_IMPORT_VISIBILITY = YES;
				SWIFT_VERSION = 5.0;
				TARGETED_DEVICE_FAMILY = 1;
			};
			name = Debug;
		};
		2B3A87E62FCC9E730013AA2E /* Release */ = {
			isa = XCBuildConfiguration;
			buildSettings = {
				ASSETCATALOG_COMPILER_APPICON_NAME = AppIcon;
				ASSETCATALOG_COMPILER_GLOBAL_ACCENT_COLOR_NAME = AccentColor;
				CODE_SIGN_STYLE = Automatic;
				CODE_SIGN_ENTITLEMENTS = CoolDone/CoolDone.entitlements;
				CURRENT_PROJECT_VERSION = 1;
				DEVELOPMENT_TEAM = CC9SW439L6;
				ENABLE_PREVIEWS = YES;
				GENERATE_INFOPLIST_FILE = YES;
				INFOPLIST_KEY_UIApplicationSceneManifest_Generation = YES;
				INFOPLIST_KEY_UIApplicationSupportsIndirectInputEvents = YES;
				INFOPLIST_KEY_UILaunchScreen_Generation = YES;
				INFOPLIST_KEY_UISupportedInterfaceOrientations_iPhone = "UIInterfaceOrientationPortrait UIInterfaceOrientationLandscapeLeft UIInterfaceOrientationLandscapeRight";
				LD_RUNPATH_SEARCH_PATHS = (
					"$(inherited)",
					"@executable_path/Frameworks",
				);
				MARKETING_VERSION = 1.0;
				PRODUCT_BUNDLE_IDENTIFIER = com.francoissioarnaud.CoolDone;
				PRODUCT_NAME = "$(TARGET_NAME)";
				STRING_CATALOG_GENERATE_SYMBOLS = YES;
				SWIFT_APPROACHABLE_CONCURRENCY = YES;
				SWIFT_DEFAULT_ACTOR_ISOLATION = MainActor;
				SWIFT_EMIT_LOC_STRINGS = YES;
				SWIFT_UPCOMING_FEATURE_MEMBER_IMPORT_VISIBILITY = YES;
				SWIFT_VERSION = 5.0;
				TARGETED_DEVICE_FAMILY = 1;
			};
			name = Release;
		};
		2B3A88002FCC9E910013AA2E /* Debug */ = {
			isa = XCBuildConfiguration;
			buildSettings = {
				ASSETCATALOG_COMPILER_GLOBAL_ACCENT_COLOR_NAME = AccentColor;
				ASSETCATALOG_COMPILER_WIDGET_BACKGROUND_COLOR_NAME = WidgetBackground;
				CODE_SIGN_STYLE = Automatic;
				CODE_SIGN_ENTITLEMENTS = CoolDownWidget/CoolDownWidgetExtension.entitlements;
				CURRENT_PROJECT_VERSION = 1;
				DEVELOPMENT_TEAM = CC9SW439L6;
				GENERATE_INFOPLIST_FILE = YES;
				INFOPLIST_FILE = CoolDownWidget/Info.plist;
				INFOPLIST_KEY_CFBundleDisplayName = CoolDownWidget;
				INFOPLIST_KEY_NSHumanReadableCopyright = "";
				LD_RUNPATH_SEARCH_PATHS = (
					"$(inherited)",
					"@executable_path/Frameworks",
					"@executable_path/../../Frameworks",
				);
				MARKETING_VERSION = 1.0;
				PRODUCT_BUNDLE_IDENTIFIER = com.francoissioarnaud.CoolDone.CoolDownWidget;
				PRODUCT_NAME = "$(TARGET_NAME)";
				SKIP_INSTALL = YES;
				STRING_CATALOG_GENERATE_SYMBOLS = YES;
				SWIFT_APPROACHABLE_CONCURRENCY = YES;
				SWIFT_EMIT_LOC_STRINGS = YES;
				SWIFT_UPCOMING_FEATURE_MEMBER_IMPORT_VISIBILITY = YES;
				SWIFT_VERSION = 5.0;
				TARGETED_DEVICE_FAMILY = 1;
			};
			name = Debug;
		};
		2B3A88012FCC9E910013AA2E /* Release */ = {
			isa = XCBuildConfiguration;
			buildSettings = {
				ASSETCATALOG_COMPILER_GLOBAL_ACCENT_COLOR_NAME = AccentColor;
				ASSETCATALOG_COMPILER_WIDGET_BACKGROUND_COLOR_NAME = WidgetBackground;
				CODE_SIGN_STYLE = Automatic;
				CODE_SIGN_ENTITLEMENTS = CoolDownWidget/CoolDownWidgetExtension.entitlements;
				CURRENT_PROJECT_VERSION = 1;
				DEVELOPMENT_TEAM = CC9SW439L6;
				GENERATE_INFOPLIST_FILE = YES;
				INFOPLIST_FILE = CoolDownWidget/Info.plist;
				INFOPLIST_KEY_CFBundleDisplayName = CoolDownWidget;
				INFOPLIST_KEY_NSHumanReadableCopyright = "";
				LD_RUNPATH_SEARCH_PATHS = (
					"$(inherited)",
					"@executable_path/Frameworks",
					"@executable_path/../../Frameworks",
				);
				MARKETING_VERSION = 1.0;
				PRODUCT_BUNDLE_IDENTIFIER = com.francoissioarnaud.CoolDone.CoolDownWidget;
				PRODUCT_NAME = "$(TARGET_NAME)";
				SKIP_INSTALL = YES;
				STRING_CATALOG_GENERATE_SYMBOLS = YES;
				SWIFT_APPROACHABLE_CONCURRENCY = YES;
				SWIFT_EMIT_LOC_STRINGS = YES;
				SWIFT_UPCOMING_FEATURE_MEMBER_IMPORT_VISIBILITY = YES;
				SWIFT_VERSION = 5.0;
				TARGETED_DEVICE_FAMILY = 1;
			};
			name = Release;
		};
/* End XCBuildConfiguration section */

/* Begin XCConfigurationList section */
		2B3A87D42FCC9E730013AA2E /* Build configuration list for PBXProject "CoolDone" */ = {
			isa = XCConfigurationList;
			buildConfigurations = (
				2B3A87E22FCC9E730013AA2E /* Debug */,
				2B3A87E32FCC9E730013AA2E /* Release */,
			);
			defaultConfigurationIsVisible = 0;
			defaultConfigurationName = Release;
		};
		2B3A87E42FCC9E730013AA2E /* Build configuration list for PBXNativeTarget "CoolDone" */ = {
			isa = XCConfigurationList;
			buildConfigurations = (
				2B3A87E52FCC9E730013AA2E /* Debug */,
				2B3A87E62FCC9E730013AA2E /* Release */,
			);
			defaultConfigurationIsVisible = 0;
			defaultConfigurationName = Release;
		};
		2B3A87FF2FCC9E910013AA2E /* Build configuration list for PBXNativeTarget "CoolDownWidgetExtension" */ = {
			isa = XCConfigurationList;
			buildConfigurations = (
				2B3A88002FCC9E910013AA2E /* Debug */,
				2B3A88012FCC9E910013AA2E /* Release */,
			);
			defaultConfigurationIsVisible = 0;
			defaultConfigurationName = Release;
		};
/* End XCConfigurationList section */
	};
	rootObject = 2B3A87D12FCC9E730013AA2E /* Project object */;
}
